// !$*UTF8*$!
{
	archiveVersion = 1;
	classes = {
	};
	objectVersion = 48;
	objects = {

/* Begin PBXBuildFile section */
		FE6E07541F983A29004740AF /* AppDelegate.swift in Sources */ = {isa = PBXBuildFile; fileRef = FE6E07531F983A29004740AF /* AppDelegate.swift */; };
		FE6E07591F983A29004740AF /* Main.storyboard in Resources */ = {isa = PBXBuildFile; fileRef = FE6E07571F983A29004740AF /* Main.storyboard */; };
		FE6E075B1F983A29004740AF /* Assets.xcassets in Resources */ = {isa = PBXBuildFile; fileRef = FE6E075A1F983A29004740AF /* Assets.xcassets */; };
		FE6E075E1F983A29004740AF /* LaunchScreen.storyboard in Resources */ = {isa = PBXBuildFile; fileRef = FE6E075C1F983A29004740AF /* LaunchScreen.storyboard */; };
		FE6E07691F983A2A004740AF /* ColorsTests.swift in Sources */ = {isa = PBXBuildFile; fileRef = FE6E07681F983A2A004740AF /* ColorsTests.swift */; };
		FE6E07741F983A2A004740AF /* ColorsUITests.swift in Sources */ = {isa = PBXBuildFile; fileRef = FE6E07731F983A2A004740AF /* ColorsUITests.swift */; };
		FE6E07841F983B28004740AF /* ColorsViewController.swift in Sources */ = {isa = PBXBuildFile; fileRef = FE6E07831F983B28004740AF /* ColorsViewController.swift */; };
/* End PBXBuildFile section */

/* Begin PBXContainerItemProxy section */
		FE6E07651F983A29004740AF /* PBXContainerItemProxy */ = {
			isa = PBXContainerItemProxy;
			containerPortal = FE6E07481F983A29004740AF /* Project object */;
			proxyType = 1;
			remoteGlobalIDString = FE6E074F1F983A29004740AF;
			remoteInfo = Colors;
		};
		FE6E07701F983A2A004740AF /* PBXContainerItemProxy */ = {
			isa = PBXContainerItemProxy;
			containerPortal = FE6E07481F983A29004740AF /* Project object */;
			proxyType = 1;
			remoteGlobalIDString = FE6E074F1F983A29004740AF;
			remoteInfo = Colors;
		};
/* End PBXContainerItemProxy section */

/* Begin PBXFileReference section */
		FE6E07501F983A29004740AF /* Colors.app */ = {isa = PBXFileReference; explicitFileType = wrapper.application; includeInIndex = 0; path = Colors.app; sourceTree = BUILT_PRODUCTS_DIR; };
		FE6E07531F983A29004740AF /* AppDelegate.swift */ = {isa = PBXFileReference; lastKnownFileType = sourcecode.swift; path = AppDelegate.swift; sourceTree = "<group>"; };
		FE6E07581F983A29004740AF /* Base */ = {isa = PBXFileReference; lastKnownFileType = file.storyboard; name = Base; path = Base.lproj/Main.storyboard; sourceTree = "<group>"; };
		FE6E075A1F983A29004740AF /* Assets.xcassets */ = {isa = PBXFileReference; lastKnownFileType = folder.assetcatalog; path = Assets.xcassets; sourceTree = "<group>"; };
		FE6E075D1F983A29004740AF /* Base */ = {isa = PBXFileReference; lastKnownFileType = file.storyboard; name = Base; path = Base.lproj/LaunchScreen.storyboard; sourceTree = "<group>"; };
		FE6E075F1F983A29004740AF /* Info.plist */ = {isa = PBXFileReference; lastKnownFileType = text.plist.xml; path = Info.plist; sourceTree = "<group>"; };
		FE6E07641F983A29004740AF /* ColorsTests.xctest */ = {isa = PBXFileReference; explicitFileType = wrapper.cfbundle; includeInIndex = 0; path = ColorsTests.xctest; sourceTree = BUILT_PRODUCTS_DIR; };
		FE6E07681F983A2A004740AF /* ColorsTests.swift */ = {isa = PBXFileReference; lastKnownFileType = sourcecode.swift; path = ColorsTests.swift; sourceTree = "<group>"; };
		FE6E076A1F983A2A004740AF /* Info.plist */ = {isa = PBXFileReference; lastKnownFileType = text.plist.xml; path = Info.plist; sourceTree = "<group>"; };
		FE6E076F1F983A2A004740AF /* ColorsUITests.xctest */ = {isa = PBXFileReference; explicitFileType = wrapper.cfbundle; includeInIndex = 0; path = ColorsUITests.xctest; sourceTree = BUILT_PRODUCTS_DIR; };
		FE6E07731F983A2A004740AF /* ColorsUITests.swift */ = {isa = PBXFileReference; lastKnownFileType = sourcecode.swift; path = ColorsUITests.swift; sourceTree = "<group>"; };
		FE6E07751F983A2A004740AF /* Info.plist */ = {isa = PBXFileReference; lastKnownFileType = text.plist.xml; path = Info.plist; sourceTree = "<group>"; };
		FE6E07831F983B28004740AF /* ColorsViewController.swift */ = {isa = PBXFileReference; lastKnownFileType = sourcecode.swift; path = ColorsViewController.swift; sourceTree = "<group>"; };
/* End PBXFileReference section */

/* Begin PBXFrameworksBuildPhase section */
		FE6E074D1F983A29004740AF /* Frameworks */ = {
			isa = PBXFrameworksBuildPhase;
			buildActionMask = 2147483647;
			files = (
			);
			runOnlyForDeploymentPostprocessing = 0;
		};
		FE6E07611F983A29004740AF /* Frameworks */ = {
			isa = PBXFrameworksBuildPhase;
			buildActionMask = 2147483647;
			files = (
			);
			runOnlyForDeploymentPostprocessing = 0;
		};
		FE6E076C1F983A2A004740AF /* Frameworks */ = {
			isa = PBXFrameworksBuildPhase;
			buildActionMask = 2147483647;
			files = (
			);
			runOnlyForDeploymentPostprocessing = 0;
		};
/* End PBXFrameworksBuildPhase section */

/* Begin PBXGroup section */
		FE6E07471F983A29004740AF = {
			isa = PBXGroup;
			children = (
				FE6E07521F983A29004740AF /* Colors */,
				FE6E07671F983A29004740AF /* ColorsTests */,
				FE6E07721F983A2A004740AF /* ColorsUITests */,
				FE6E07511F983A29004740AF /* Products */,
			);
			sourceTree = "<group>";
		};
		FE6E07511F983A29004740AF /* Products */ = {
			isa = PBXGroup;
			children = (
				FE6E07501F983A29004740AF /* Colors.app */,
				FE6E07641F983A29004740AF /* ColorsTests.xctest */,
				FE6E076F1F983A2A004740AF /* ColorsUITests.xctest */,
			);
			name = Products;
			sourceTree = "<group>";
		};
		FE6E07521F983A29004740AF /* Colors */ = {
			isa = PBXGroup;
			children = (
				FE6E07531F983A29004740AF /* AppDelegate.swift */,
				FE6E07831F983B28004740AF /* ColorsViewController.swift */,
				FE6E07571F983A29004740AF /* Main.storyboard */,
				FE6E075A1F983A29004740AF /* Assets.xcassets */,
				FE6E075C1F983A29004740AF /* LaunchScreen.storyboard */,
				FE6E075F1F983A29004740AF /* Info.plist */,
			);
			path = Colors;
			sourceTree = "<group>";
		};
		FE6E07671F983A29004740AF /* ColorsTests */ = {
			isa = PBXGroup;
			children = (
				FE6E07681F983A2A004740AF /* ColorsTests.swift */,
				FE6E076A1F983A2A004740AF /* Info.plist */,
			);
			path = ColorsTests;
			sourceTree = "<group>";
		};
		FE6E07721F983A2A004740AF /* ColorsUITests */ = {
			isa = PBXGroup;
			children = (
				FE6E07731F983A2A004740AF /* ColorsUITests.swift */,
				FE6E07751F983A2A004740AF /* Info.plist */,
			);
			path = ColorsUITests;
			sourceTree = "<group>";
		};
/* End PBXGroup section */

/* Begin PBXNativeTarget section */
		FE6E074F1F983A29004740AF /* Colors */ = {
			isa = PBXNativeTarget;
			buildConfigurationList = FE6E07781F983A2A004740AF /* Build configuration list for PBXNativeTarget "Colors" */;
			buildPhases = (
				FE6E074C1F983A29004740AF /* Sources */,
				FE6E074D1F983A29004740AF /* Frameworks */,
				FE6E074E1F983A29004740AF /* Resources */,
			);
			buildRules = (
			);
			dependencies = (
			);
			name = Colors;
			productName = Colors;
			productReference = FE6E07501F983A29004740AF /* Colors.app */;
			productType = "com.apple.product-type.application";
		};
		FE6E07631F983A29004740AF /* ColorsTests */ = {
			isa = PBXNativeTarget;
			buildConfigurationList = FE6E077B1F983A2A004740AF /* Build configuration list for PBXNativeTarget "ColorsTests" */;
			buildPhases = (
				FE6E07601F983A29004740AF /* Sources */,
				FE6E07611F983A29004740AF /* Frameworks */,
				FE6E07621F983A29004740AF /* Resources */,
			);
			buildRules = (
			);
			dependencies = (
				FE6E07661F983A29004740AF /* PBXTargetDependency */,
			);
			name = ColorsTests;
			productName = ColorsTests;
			productReference = FE6E07641F983A29004740AF /* ColorsTests.xctest */;
			productType = "com.apple.product-type.bundle.unit-test";
		};
		FE6E076E1F983A2A004740AF /* ColorsUITests */ = {
			isa = PBXNativeTarget;
			buildConfigurationList = FE6E077E1F983A2A004740AF /* Build configuration list for PBXNativeTarget "ColorsUITests" */;
			buildPhases = (
				FE6E076B1F983A2A004740AF /* Sources */,
				FE6E076C1F983A2A004740AF /* Frameworks */,
				FE6E076D1F983A2A004740AF /* Resources */,
			);
			buildRules = (
			);
			dependencies = (
				FE6E07711F983A2A004740AF /* PBXTargetDependency */,
			);
			name = ColorsUITests;
			productName = ColorsUITests;
			productReference = FE6E076F1F983A2A004740AF /* ColorsUITests.xctest */;
			productType = "com.apple.product-type.bundle.ui-testing";
		};
/* End PBXNativeTarget section */

/* Begin PBXProject section */
		FE6E07481F983A29004740AF /* Project object */ = {
			isa = PBXProject;
			attributes = {
				LastSwiftUpdateCheck = 0900;
				LastUpgradeCheck = 0900;
				ORGANIZATIONNAME = "Austin Beydler";
				TargetAttributes = {
					FE6E074F1F983A29004740AF = {
						CreatedOnToolsVersion = 9.0;
						ProvisioningStyle = Automatic;
					};
					FE6E07631F983A29004740AF = {
						CreatedOnToolsVersion = 9.0;
						ProvisioningStyle = Automatic;
						TestTargetID = FE6E074F1F983A29004740AF;
					};
					FE6E076E1F983A2A004740AF = {
						CreatedOnToolsVersion = 9.0;
						ProvisioningStyle = Automatic;
						TestTargetID = FE6E074F1F983A29004740AF;
					};
				};
			};
			buildConfigurationList = FE6E074B1F983A29004740AF /* Build configuration list for PBXProject "Colors" */;
			compatibilityVersion = "Xcode 8.0";
			developmentRegion = en;
			hasScannedForEncodings = 0;
			knownRegions = (
				en,
				Base,
			);
			mainGroup = FE6E07471F983A29004740AF;
			productRefGroup = FE6E07511F983A29004740AF /* Products */;
			projectDirPath = "";
			projectRoot = "";
			targets = (
				FE6E074F1F983A29004740AF /* Colors */,
				FE6E07631F983A29004740AF /* ColorsTests */,
				FE6E076E1F983A2A004740AF /* ColorsUITests */,
			);
		};
/* End PBXProject section */

/* Begin PBXResourcesBuildPhase section */
		FE6E074E1F983A29004740AF /* Resources */ = {
			isa = PBXResourcesBuildPhase;
			buildActionMask = 2147483647;
			files = (
				FE6E075E1F983A29004740AF /* LaunchScreen.storyboard in Resources */,
				FE6E075B1F983A29004740AF /* Assets.xcassets in Resources */,
				FE6E07591F983A29004740AF /* Main.storyboard in Resources */,
			);
			runOnlyForDeploymentPostprocessing = 0;
		};
		FE6E07621F983A29004740AF /* Resources */ = {
			isa = PBXResourcesBuildPhase;
			buildActionMask = 2147483647;
			files = (
			);
			runOnlyForDeploymentPostprocessing = 0;
		};
		FE6E076D1F983A2A004740AF /* Resources */ = {
			isa = PBXResourcesBuildPhase;
			buildActionMask = 2147483647;
			files = (
			);
			runOnlyForDeploymentPostprocessing = 0;
		};
/* End PBXResourcesBuildPhase section */

/* Begin PBXSourcesBuildPhase section */
		FE6E074C1F983A29004740AF /* Sources */ = {
			isa = PBXSourcesBuildPhase;
			buildActionMask = 2147483647;
			files = (
				FE6E07841F983B28004740AF /* ColorsViewController.swift in Sources */,
				FE6E07541F983A29004740AF /* AppDelegate.swift in Sources */,
			);
			runOnlyForDeploymentPostprocessing = 0;
		};
		FE6E07601F983A29004740AF /* Sources */ = {
			isa = PBXSourcesBuildPhase;
			buildActionMask = 2147483647;
			files = (
				FE6E07691F983A2A004740AF /* ColorsTests.swift in Sources */,
			);
			runOnlyForDeploymentPostprocessing = 0;
		};
		FE6E076B1F983A2A004740AF /* Sources */ = {
			isa = PBXSourcesBuildPhase;
			buildActionMask = 2147483647;
			files = (
				FE6E07741F983A2A004740AF /* ColorsUITests.swift in Sources */,
			);
			runOnlyForDeploymentPostprocessing = 0;
		};
/* End PBXSourcesBuildPhase section */

/* Begin PBXTargetDependency section */
		FE6E07661F983A29004740AF /* PBXTargetDependency */ = {
			isa = PBXTargetDependency;
			target = FE6E074F1F983A29004740AF /* Colors */;
			targetProxy = FE6E07651F983A29004740AF /* PBXContainerItemProxy */;
		};
		FE6E07711F983A2A004740AF /* PBXTargetDependency */ = {
			isa = PBXTargetDependency;
			target = FE6E074F1F983A29004740AF /* Colors */;
			targetProxy = FE6E07701F983A2A004740AF /* PBXContainerItemProxy */;
		};
/* End PBXTargetDependency section */

/* Begin PBXVariantGroup section */
		FE6E07571F983A29004740AF /* Main.storyboard */ = {
			isa = PBXVariantGroup;
			children = (
				FE6E07581F983A29004740AF /* Base */,
			);
			name = Main.storyboard;
			sourceTree = "<group>";
		};
		FE6E075C1F983A29004740AF /* LaunchScreen.storyboard */ = {
			isa = PBXVariantGroup;
			children = (
				FE6E075D1F983A29004740AF /* Base */,
			);
			name = LaunchScreen.storyboard;
			sourceTree = "<group>";
		};
/* End PBXVariantGroup section */

/* Begin XCBuildConfiguration section */
		FE6E07761F983A2A004740AF /* Debug */ = {
			isa = XCBuildConfiguration;
			buildSettings = {
				ALWAYS_SEARCH_USER_PATHS = NO;
				CLANG_ANALYZER_NONNULL = YES;
				CLANG_ANALYZER_NUMBER_OBJECT_CONVERSION = YES_AGGRESSIVE;
				CLANG_CXX_LANGUAGE_STANDARD = "gnu++14";
				CLANG_CXX_LIBRARY = "libc++";
				CLANG_ENABLE_MODULES = YES;
				CLANG_ENABLE_OBJC_ARC = YES;
				CLANG_WARN_BLOCK_CAPTURE_AUTORELEASING = YES;
				CLANG_WARN_BOOL_CONVERSION = YES;
				CLANG_WARN_COMMA = YES;
				CLANG_WARN_CONSTANT_CONVERSION = YES;
				CLANG_WARN_DIRECT_OBJC_ISA_USAGE = YES_ERROR;
				CLANG_WARN_DOCUMENTATION_COMMENTS = YES;
				CLANG_WARN_EMPTY_BODY = YES;
				CLANG_WARN_ENUM_CONVERSION = YES;
				CLANG_WARN_INFINITE_RECURSION = YES;
				CLANG_WARN_INT_CONVERSION = YES;
				CLANG_WARN_NON_LITERAL_NULL_CONVERSION = YES;
				CLANG_WARN_OBJC_LITERAL_CONVERSION = YES;
				CLANG_WARN_OBJC_ROOT_CLASS = YES_ERROR;
				CLANG_WARN_RANGE_LOOP_ANALYSIS = YES;
				CLANG_WARN_STRICT_PROTOTYPES = YES;
				CLANG_WARN_SUSPICIOUS_MOVE = YES;
				CLANG_WARN_UNGUARDED_AVAILABILITY = YES_AGGRESSIVE;
				CLANG_WARN_UNREACHABLE_CODE = YES;
				CLANG_WARN__DUPLICATE_METHOD_MATCH = YES;
				CODE_SIGN_IDENTITY = "iPhone Developer";
				COPY_PHASE_STRIP = NO;
				DEBUG_INFORMATION_FORMAT = dwarf;
				ENABLE_STRICT_OBJC_MSGSEND = YES;
				ENABLE_TESTABILITY = YES;
				GCC_C_LANGUAGE_STANDARD = gnu11;
				GCC_DYNAMIC_NO_PIC = NO;
				GCC_NO_COMMON_BLOCKS = YES;
				GCC_OPTIMIZATION_LEVEL = 0;
				GCC_PREPROCESSOR_DEFINITIONS = (
					"DEBUG=1",
					"$(inherited)",
				);
				GCC_WARN_64_TO_32_BIT_CONVERSION = YES;
				GCC_WARN_ABOUT_RETURN_TYPE = YES_ERROR;
				GCC_WARN_UNDECLARED_SELECTOR = YES;
				GCC_WARN_UNINITIALIZED_AUTOS = YES_AGGRESSIVE;
				GCC_WARN_UNUSED_FUNCTION = YES;
				GCC_WARN_UNUSED_VARIABLE = YES;
				IPHONEOS_DEPLOYMENT_TARGET = 11.0;
				MTL_ENABLE_DEBUG_INFO = YES;
				ONLY_ACTIVE_ARCH = YES;
				SDKROOT = iphoneos;
				SWIFT_ACTIVE_COMPILATION_CONDITIONS = DEBUG;
				SWIFT_OPTIMIZATION_LEVEL = "-Onone";
			};
			name = Debug;
		};
		FE6E07771F983A2A004740AF /* Release */ = {
			isa = XCBuildConfiguration;
			buildSettings = {
				ALWAYS_SEARCH_USER_PATHS = NO;
				CLANG_ANALYZER_NONNULL = YES;
				CLANG_ANALYZER_NUMBER_OBJECT_CONVERSION = YES_AGGRESSIVE;
				CLANG_CXX_LANGUAGE_STANDARD = "gnu++14";
				CLANG_CXX_LIBRARY = "libc++";
				CLANG_ENABLE_MODULES = YES;
				CLANG_ENABLE_OBJC_ARC = YES;
				CLANG_WARN_BLOCK_CAPTURE_AUTORELEASING = YES;
				CLANG_WARN_BOOL_CONVERSION = YES;
				CLANG_WARN_COMMA = YES;
				CLANG_WARN_CONSTANT_CONVERSION = YES;
				CLANG_WARN_DIRECT_OBJC_ISA_USAGE = YES_ERROR;
				CLANG_WARN_DOCUMENTATION_COMMENTS = YES;
				CLANG_WARN_EMPTY_BODY = YES;
				CLANG_WARN_ENUM_CONVERSION = YES;
				CLANG_WARN_INFINITE_RECURSION = YES;
				CLANG_WARN_INT_CONVERSION = YES;
				CLANG_WARN_NON_LITERAL_NULL_CONVERSION = YES;
				CLANG_WARN_OBJC_LITERAL_CONVERSION = YES;
				CLANG_WARN_OBJC_ROOT_CLASS = YES_ERROR;
				CLANG_WARN_RANGE_LOOP_ANALYSIS = YES;
				CLANG_WARN_STRICT_PROTOTYPES = YES;
				CLANG_WARN_SUSPICIOUS_MOVE = YES;
				CLANG_WARN_UNGUARDED_AVAILABILITY = YES_AGGRESSIVE;
				CLANG_WARN_UNREACHABLE_CODE = YES;
				CLANG_WARN__DUPLICATE_METHOD_MATCH = YES;
				CODE_SIGN_IDENTITY = "iPhone Developer";
				COPY_PHASE_STRIP = NO;
				DEBUG_INFORMATION_FORMAT = "dwarf-with-dsym";
				ENABLE_NS_ASSERTIONS = NO;
				ENABLE_STRICT_OBJC_MSGSEND = YES;
				GCC_C_LANGUAGE_STANDARD = gnu11;
				GCC_NO_COMMON_BLOCKS = YES;
				GCC_WARN_64_TO_32_BIT_CONVERSION = YES;
				GCC_WARN_ABOUT_RETURN_TYPE = YES_ERROR;
				GCC_WARN_UNDECLARED_SELECTOR = YES;
				GCC_WARN_UNINITIALIZED_AUTOS = YES_AGGRESSIVE;
				GCC_WARN_UNUSED_FUNCTION = YES;
				GCC_WARN_UNUSED_VARIABLE = YES;
				IPHONEOS_DEPLOYMENT_TARGET = 11.0;
				MTL_ENABLE_DEBUG_INFO = NO;
				SDKROOT = iphoneos;
				SWIFT_OPTIMIZATION_LEVEL = "-Owholemodule";
				VALIDATE_PRODUCT = YES;
			};
			name = Release;
		};
		FE6E07791F983A2A004740AF /* Debug */ = {
			isa = XCBuildConfiguration;
			buildSettings = {
				ASSETCATALOG_COMPILER_APPICON_NAME = AppIcon;
				CODE_SIGN_STYLE = Automatic;
				INFOPLIST_FILE = Colors/Info.plist;
				LD_RUNPATH_SEARCH_PATHS = "$(inherited) @executable_path/Frameworks";
				PRODUCT_BUNDLE_IDENTIFIER = test.Colors;
				PRODUCT_NAME = "$(TARGET_NAME)";
				SWIFT_VERSION = 4.0;
				TARGETED_DEVICE_FAMILY = "1,2";
			};
			name = Debug;
		};
		FE6E077A1F983A2A004740AF /* Release */ = {
			isa = XCBuildConfiguration;
			buildSettings = {
				ASSETCATALOG_COMPILER_APPICON_NAME = AppIcon;
				CODE_SIGN_STYLE = Automatic;
				INFOPLIST_FILE = Colors/Info.plist;
				LD_RUNPATH_SEARCH_PATHS = "$(inherited) @executable_path/Frameworks";
				PRODUCT_BUNDLE_IDENTIFIER = test.Colors;
				PRODUCT_NAME = "$(TARGET_NAME)";
				SWIFT_VERSION = 4.0;
				TARGETED_DEVICE_FAMILY = "1,2";
			};
			name = Release;
		};
		FE6E077C1F983A2A004740AF /* Debug */ = {
			isa = XCBuildConfiguration;
			buildSettings = {
				ALWAYS_EMBED_SWIFT_STANDARD_LIBRARIES = YES;
				BUNDLE_LOADER = "$(TEST_HOST)";
				CODE_SIGN_STYLE = Automatic;
				INFOPLIST_FILE = ColorsTests/Info.plist;
				LD_RUNPATH_SEARCH_PATHS = "$(inherited) @executable_path/Frameworks @loader_path/Frameworks";
				PRODUCT_BUNDLE_IDENTIFIER = test.ColorsTests;
				PRODUCT_NAME = "$(TARGET_NAME)";
				SWIFT_VERSION = 4.0;
				TARGETED_DEVICE_FAMILY = "1,2";
				TEST_HOST = "$(BUILT_PRODUCTS_DIR)/Colors.app/Colors";
			};
			name = Debug;
		};
		FE6E077D1F983A2A004740AF /* Release */ = {
			isa = XCBuildConfiguration;
			buildSettings = {
				ALWAYS_EMBED_SWIFT_STANDARD_LIBRARIES = YES;
				BUNDLE_LOADER = "$(TEST_HOST)";
				CODE_SIGN_STYLE = Automatic;
				INFOPLIST_FILE = ColorsTests/Info.plist;
				LD_RUNPATH_SEARCH_PATHS = "$(inherited) @executable_path/Frameworks @loader_path/Frameworks";
				PRODUCT_BUNDLE_IDENTIFIER = test.ColorsTests;
				PRODUCT_NAME = "$(TARGET_NAME)";
				SWIFT_VERSION = 4.0;
				TARGETED_DEVICE_FAMILY = "1,2";
				TEST_HOST = "$(BUILT_PRODUCTS_DIR)/Colors.app/Colors";
			};
			name = Release;
		};
		FE6E077F1F983A2A004740AF /* Debug */ = {
			isa = XCBuildConfiguration;
			buildSettings = {
				ALWAYS_EMBED_SWIFT_STANDARD_LIBRARIES = YES;
				CODE_SIGN_STYLE = Automatic;
				INFOPLIST_FILE = ColorsUITests/Info.plist;
				LD_RUNPATH_SEARCH_PATHS = "$(inherited) @executable_path/Frameworks @loader_path/Frameworks";
				PRODUCT_BUNDLE_IDENTIFIER = test.ColorsUITests;
				PRODUCT_NAME = "$(TARGET_NAME)";
				SWIFT_VERSION = 4.0;
				TARGETED_DEVICE_FAMILY = "1,2";
				TEST_TARGET_NAME = Colors;
			};
			name = Debug;
		};
		FE6E07801F983A2A004740AF /* Release */ = {
			isa = XCBuildConfiguration;
			buildSettings = {
				ALWAYS_EMBED_SWIFT_STANDARD_LIBRARIES = YES;
				CODE_SIGN_STYLE = Automatic;
				INFOPLIST_FILE = ColorsUITests/Info.plist;
				LD_RUNPATH_SEARCH_PATHS = "$(inherited) @executable_path/Frameworks @loader_path/Frameworks";
				PRODUCT_BUNDLE_IDENTIFIER = test.ColorsUITests;
				PRODUCT_NAME = "$(TARGET_NAME)";
				SWIFT_VERSION = 4.0;
				TARGETED_DEVICE_FAMILY = "1,2";
				TEST_TARGET_NAME = Colors;
			};
			name = Release;
		};
/* End XCBuildConfiguration section */

/* Begin XCConfigurationList section */
		FE6E074B1F983A29004740AF /* Build configuration list for PBXProject "Colors" */ = {
			isa = XCConfigurationList;
			buildConfigurations = (
				FE6E07761F983A2A004740AF /* Debug */,
				FE6E07771F983A2A004740AF /* Release */,
			);
			defaultConfigurationIsVisible = 0;
			defaultConfigurationName = Release;
		};
		FE6E07781F983A2A004740AF /* Build configuration list for PBXNativeTarget "Colors" */ = {
			isa = XCConfigurationList;
			buildConfigurations = (
				FE6E07791F983A2A004740AF /* Debug */,
				FE6E077A1F983A2A004740AF /* Release */,
			);
			defaultConfigurationIsVisible = 0;
			defaultConfigurationName = Release;
		};
		FE6E077B1F983A2A004740AF /* Build configuration list for PBXNativeTarget "ColorsTests" */ = {
			isa = XCConfigurationList;
			buildConfigurations = (
				FE6E077C1F983A2A004740AF /* Debug */,
				FE6E077D1F983A2A004740AF /* Release */,
			);
			defaultConfigurationIsVisible = 0;
			defaultConfigurationName = Release;
		};
		FE6E077E1F983A2A004740AF /* Build configuration list for PBXNativeTarget "ColorsUITests" */ = {
			isa = XCConfigurationList;
			buildConfigurations = (
				FE6E077F1F983A2A004740AF /* Debug */,
				FE6E07801F983A2A004740AF /* Release */,
			);
			defaultConfigurationIsVisible = 0;
			defaultConfigurationName = Release;
		};
/* End XCConfigurationList section */
	};
	rootObject = FE6E07481F983A29004740AF /* Project object */;
}
